
Microsoft Visual Studio Solution File, Format Version 12.00
# Visual Studio 15
Project("{FAE04EC0-301F-11D3-BF4B-00C04F79EFBC}") = "ProceduralLevelGenerator.Unity", "ProceduralLevelGenerator.Unity.csproj", "{300D3C40-54F2-B967-70B8-1E5E23C699E0}"
EndProject
Project("{FAE04EC0-301F-11D3-BF4B-00C04F79EFBC}") = "ProceduralLevelGenerator.Unity.Examples", "ProceduralLevelGenerator.Unity.Examples.csproj", "{7BB4AB6E-8C69-0C52-40F5-24ADC473F618}"
EndProject
Project("{FAE04EC0-301F-11D3-BF4B-00C04F79EFBC}") = "Unity.2D.Tilemap.Extras", "Unity.2D.Tilemap.Extras.csproj", "{807FFB8A-5B80-11CE-00B8-D7E397DBAF2D}"
EndProject
Project("{FAE04EC0-301F-11D3-BF4B-00C04F79EFBC}") = "Assembly-CSharp", "Assembly-CSharp.csproj", "{4D9C92C7-9122-6925-4EAF-4BE212FFBB35}"
EndProject
Project("{FAE04EC0-301F-11D3-BF4B-00C04F79EFBC}") = "ProceduralLevelGenerator.Unity.Tests", "ProceduralLevelGenerator.Unity.Tests.csproj", "{AC79F191-BD81-B9E0-5E74-DCD11AFE98FE}"
EndProject
Project("{FAE04EC0-301F-11D3-BF4B-00C04F79EFBC}") = "Unity.2D.Tilemap.Extras.Editor", "Unity.2D.Tilemap.Extras.Editor.csproj", "{95EB3D50-36A6-96E8-74B1-0BD2E2F22154}"
EndProject
Project("{FAE04EC0-301F-11D3-BF4B-00C04F79EFBC}") = "ProceduralLevelGenerator.Unity.Editor", "ProceduralLevelGenerator.Unity.Editor.csproj", "{C7B31ADF-7D6B-CB40-F4C4-E9FF08132ED1}"
EndProject
Project("{FAE04EC0-301F-11D3-BF4B-00C04F79EFBC}") = "Assembly-CSharp-Editor", "Assembly-CSharp-Editor.csproj", "{766C458A-5579-B54E-C6FE-8C5292FADCA6}"
EndProject
Project("{FAE04EC0-301F-11D3-BF4B-00C04F79EFBC}") = "Unity.2D.Tilemap.Extras.Placeholder.EditorTests", "Unity.2D.Tilemap.Extras.Placeholder.EditorTests.csproj", "{17B9246C-0499-4DC8-E3A3-923657759B47}"
EndProject
Global
	GlobalSection(SolutionConfigurationPlatforms) = preSolution
		Debug|Any CPU = Debug|Any CPU
		Release|Any CPU = Release|Any CPU
	EndGlobalSection
	GlobalSection(ProjectConfigurationPlatforms) = postSolution
		{300D3C40-54F2-B967-70B8-1E5E23C699E0}.Debug|Any CPU.ActiveCfg = Debug|Any CPU
		{300D3C40-54F2-B967-70B8-1E5E23C699E0}.Debug|Any CPU.Build.0 = Debug|Any CPU
		{300D3C40-54F2-B967-70B8-1E5E23C699E0}.Release|Any CPU.ActiveCfg = Release|Any CPU
		{300D3C40-54F2-B967-70B8-1E5E23C699E0}.Release|Any CPU.Build.0 = Release|Any CPU
		{7BB4AB6E-8C69-0C52-40F5-24ADC473F618}.Debug|Any CPU.ActiveCfg = Debug|Any CPU
		{7BB4AB6E-8C69-0C52-40F5-24ADC473F618}.Debug|Any CPU.Build.0 = Debug|Any CPU
		{7BB4AB6E-8C69-0C52-40F5-24ADC473F618}.Release|Any CPU.ActiveCfg = Release|Any CPU
		{7BB4AB6E-8C69-0C52-40F5-24ADC473F618}.Release|Any CPU.Build.0 = Release|Any CPU
		{807FFB8A-5B80-11CE-00B8-D7E397DBAF2D}.Debug|Any CPU.ActiveCfg = Debug|Any CPU
		{807FFB8A-5B80-11CE-00B8-D7E397DBAF2D}.Debug|Any CPU.Build.0 = Debug|Any CPU
		{807FFB8A-5B80-11CE-00B8-D7E397DBAF2D}.Release|Any CPU.ActiveCfg = Release|Any CPU
		{807FFB8A-5B80-11CE-00B8-D7E397DBAF2D}.Release|Any CPU.Build.0 = Release|Any CPU
		{4D9C92C7-9122-6925-4EAF-4BE212FFBB35}.Debug|Any CPU.ActiveCfg = Debug|Any CPU
		{4D9C92C7-9122-6925-4EAF-4BE212FFBB35}.Debug|Any CPU.Build.0 = Debug|Any CPU
		{4D9C92C7-9122-6925-4EAF-4BE212FFBB35}.Release|Any CPU.ActiveCfg = Release|Any CPU
		{4D9C92C7-9122-6925-4EAF-4BE212FFBB35}.Release|Any CPU.Build.0 = Release|Any CPU
		{AC79F191-BD81-B9E0-5E74-DCD11AFE98FE}.Debug|Any CPU.ActiveCfg = Debug|Any CPU
		{AC79F191-BD81-B9E0-5E74-DCD11AFE98FE}.Debug|Any CPU.Build.0 = Debug|Any CPU
		{AC79F191-BD81-B9E0-5E74-DCD11AFE98FE}.Release|Any CPU.ActiveCfg = Release|Any CPU
		{AC79F191-BD81-B9E0-5E74-DCD11AFE98FE}.Release|Any CPU.Build.0 = Release|Any CPU
		{95EB3D50-36A6-96E8-74B1-0BD2E2F22154}.Debug|Any CPU.ActiveCfg = Debug|Any CPU
		{95EB3D50-36A6-96E8-74B1-0BD2E2F22154}.Debug|Any CPU.Build.0 = Debug|Any CPU
		{95EB3D50-36A6-96E8-74B1-0BD2E2F22154}.Release|Any CPU.ActiveCfg = Release|Any CPU
		{95EB3D50-36A6-96E8-74B1-0BD2E2F22154}.Release|Any CPU.Build.0 = Release|Any CPU
		{C7B31ADF-7D6B-CB40-F4C4-E9FF08132ED1}.Debug|Any CPU.ActiveCfg = Debug|Any CPU
		{C7B31ADF-7D6B-CB40-F4C4-E9FF08132ED1}.Debug|Any CPU.Build.0 = Debug|Any CPU
		{C7B31ADF-7D6B-CB40-F4C4-E9FF08132ED1}.Release|Any CPU.ActiveCfg = Release|Any CPU
		{C7B31ADF-7D6B-CB40-F4C4-E9FF08132ED1}.Release|Any CPU.Build.0 = Release|Any CPU
		{766C458A-5579-B54E-C6FE-8C5292FADCA6}.Debug|Any CPU.ActiveCfg = Debug|Any CPU
		{766C458A-5579-B54E-C6FE-8C5292FADCA6}.Debug|Any CPU.Build.0 = Debug|Any CPU
		{766C458A-5579-B54E-C6FE-8C5292FADCA6}.Release|Any CPU.ActiveCfg = Release|Any CPU
		{766C458A-5579-B54E-C6FE-8C5292FADCA6}.Release|Any CPU.Build.0 = Release|Any CPU
		{17B9246C-0499-4DC8-E3A3-923657759B47}.Debug|Any CPU.ActiveCfg = Debug|Any CPU
		{17B9246C-0499-4DC8-E3A3-923657759B47}.Debug|Any CPU.Build.0 = Debug|Any CPU
		{17B9246C-0499-4DC8-E3A3-923657759B47}.Release|Any CPU.ActiveCfg = Release|Any CPU
		{17B9246C-0499-4DC8-E3A3-923657759B47}.Release|Any CPU.Build.0 = Release|Any CPU
	EndGlobalSection
	GlobalSection(SolutionProperties) = preSolution
		HideSolutionNode = FALSE
	EndGlobalSection
EndGlobal
